
Microsoft Visual Studio Solution File, Format Version 12.00
# Visual Studio Version 16
VisualStudioVersion = 16.0.32002.261
MinimumVisualStudioVersion = 10.0.40219.1
Project("{FAE04EC0-301F-11D3-BF4B-00C04F79EFBC}") = "SNUSProjekat", "SNUSProjekat\SNUSProjekat.csproj", "{4D4C9024-E5DA-4ABB-990D-A5DCD36C1388}"
EndProject
Global
	GlobalSection(SolutionConfigurationPlatforms) = preSolution
		Debug|Any CPU = Debug|Any CPU
		Release|Any CPU = Release|Any CPU
	EndGlobalSection
	GlobalSection(ProjectConfigurationPlatforms) = postSolution
		{4D4C9024-E5DA-4ABB-990D-A5DCD36C1388}.Debug|Any CPU.ActiveCfg = Debug|Any CPU
		{4D4C9024-E5DA-4ABB-990D-A5DCD36C1388}.Debug|Any CPU.Build.0 = Debug|Any CPU
		{4D4C9024-E5DA-4ABB-990D-A5DCD36C1388}.Release|Any CPU.ActiveCfg = Release|Any CPU
		{4D4C9024-E5DA-4ABB-990D-A5DCD36C1388}.Release|Any CPU.Build.0 = Release|Any CPU
	EndGlobalSection
	GlobalSection(SolutionProperties) = preSolution
		HideSolutionNode = FALSE
	EndGlobalSection
	GlobalSection(ExtensibilityGlobals) = postSolution
		SolutionGuid = {5E55257A-9D4F-49E1-8678-0C11A33DC9B5}
	EndGlobalSection
EndGlobal
